// !$*UTF8*$!
{
	archiveVersion = 1;
	classes = {
	};
	objectVersion = 60;
	objects = {

/* Begin PBXBuildFile section */
		5C48F4EC2A6B3D2800815D23 /* SceneDelegate.swift in Sources */ = {isa = PBXBuildFile; fileRef = 5C48F4EB2A6B3D2800815D23 /* SceneDelegate.swift */; };
		5CB4C8F51D08DE7500D4D570 /* AppDelegate.swift in Sources */ = {isa = PBXBuildFile; fileRef = 5CB4C8F41D08DE7500D4D570 /* AppDelegate.swift */; };
		5CB4C8F71D08DE7500D4D570 /* ViewController.swift in Sources */ = {isa = PBXBuildFile; fileRef = 5CB4C8F61D08DE7500D4D570 /* ViewController.swift */; };
		5CB4C8FA1D08DE7500D4D570 /* Main.storyboard in Resources */ = {isa = PBXBuildFile; fileRef = 5CB4C8F81D08DE7500D4D570 /* Main.storyboard */; };
		5CB4C8FC1D08DE7500D4D570 /* Assets.xcassets in Resources */ = {isa = PBXBuildFile; fileRef = 5CB4C8FB1D08DE7500D4D570 /* Assets.xcassets */; };
		5CB4C8FF1D08DE7500D4D570 /* LaunchScreen.storyboard in Resources */ = {isa = PBXBuildFile; fileRef = 5CB4C8FD1D08DE7500D4D570 /* LaunchScreen.storyboard */; };
		5CB4C90A1D08DE7500D4D570 /* ScrollingMarqueeTests.swift in Sources */ = {isa = PBXBuildFile; fileRef = 5CB4C9091D08DE7500D4D570 /* ScrollingMarqueeTests.swift */; };
		5CB4C9151D08DE7500D4D570 /* ScrollingMarqueeUITests.swift in Sources */ = {isa = PBXBuildFile; fileRef = 5CB4C9141D08DE7500D4D570 /* ScrollingMarqueeUITests.swift */; };
		5CB4C9231D08DE9100D4D570 /* ScrollingMarquee.swift in Sources */ = {isa = PBXBuildFile; fileRef = 5CB4C9221D08DE9100D4D570 /* ScrollingMarquee.swift */; };
/* End PBXBuildFile section */

/* Begin PBXContainerItemProxy section */
		5CB4C9061D08DE7500D4D570 /* PBXContainerItemProxy */ = {
			isa = PBXContainerItemProxy;
			containerPortal = 5CB4C8E91D08DE7500D4D570 /* Project object */;
			proxyType = 1;
			remoteGlobalIDString = 5CB4C8F01D08DE7500D4D570;
			remoteInfo = ScrollingMarquee;
		};
		5CB4C9111D08DE7500D4D570 /* PBXContainerItemProxy */ = {
			isa = PBXContainerItemProxy;
			containerPortal = 5CB4C8E91D08DE7500D4D570 /* Project object */;
			proxyType = 1;
			remoteGlobalIDString = 5CB4C8F01D08DE7500D4D570;
			remoteInfo = ScrollingMarquee;
		};
/* End PBXContainerItemProxy section */

/* Begin PBXFileReference section */
		5C48F4EB2A6B3D2800815D23 /* SceneDelegate.swift */ = {isa = PBXFileReference; lastKnownFileType = sourcecode.swift; path = SceneDelegate.swift; sourceTree = "<group>"; };
		5CB4C8F11D08DE7500D4D570 /* ScrollingMarquee.app */ = {isa = PBXFileReference; explicitFileType = wrapper.application; includeInIndex = 0; path = ScrollingMarquee.app; sourceTree = BUILT_PRODUCTS_DIR; };
		5CB4C8F41D08DE7500D4D570 /* AppDelegate.swift */ = {isa = PBXFileReference; lastKnownFileType = sourcecode.swift; path = AppDelegate.swift; sourceTree = "<group>"; };
		5CB4C8F61D08DE7500D4D570 /* ViewController.swift */ = {isa = PBXFileReference; lastKnownFileType = sourcecode.swift; path = ViewController.swift; sourceTree = "<group>"; };
		5CB4C8F91D08DE7500D4D570 /* Base */ = {isa = PBXFileReference; lastKnownFileType = file.storyboard; name = Base; path = Base.lproj/Main.storyboard; sourceTree = "<group>"; };
		5CB4C8FB1D08DE7500D4D570 /* Assets.xcassets */ = {isa = PBXFileReference; lastKnownFileType = folder.assetcatalog; path = Assets.xcassets; sourceTree = "<group>"; };
		5CB4C8FE1D08DE7500D4D570 /* Base */ = {isa = PBXFileReference; lastKnownFileType = file.storyboard; name = Base; path = Base.lproj/LaunchScreen.storyboard; sourceTree = "<group>"; };
		5CB4C9001D08DE7500D4D570 /* Info.plist */ = {isa = PBXFileReference; lastKnownFileType = text.plist.xml; path = Info.plist; sourceTree = "<group>"; };
		5CB4C9051D08DE7500D4D570 /* ScrollingMarqueeTests.xctest */ = {isa = PBXFileReference; explicitFileType = wrapper.cfbundle; includeInIndex = 0; path = ScrollingMarqueeTests.xctest; sourceTree = BUILT_PRODUCTS_DIR; };
		5CB4C9091D08DE7500D4D570 /* ScrollingMarqueeTests.swift */ = {isa = PBXFileReference; lastKnownFileType = sourcecode.swift; path = ScrollingMarqueeTests.swift; sourceTree = "<group>"; };
		5CB4C90B1D08DE7500D4D570 /* Info.plist */ = {isa = PBXFileReference; lastKnownFileType = text.plist.xml; path = Info.plist; sourceTree = "<group>"; };
		5CB4C9101D08DE7500D4D570 /* ScrollingMarqueeUITests.xctest */ = {isa = PBXFileReference; explicitFileType = wrapper.cfbundle; includeInIndex = 0; path = ScrollingMarqueeUITests.xctest; sourceTree = BUILT_PRODUCTS_DIR; };
		5CB4C9141D08DE7500D4D570 /* ScrollingMarqueeUITests.swift */ = {isa = PBXFileReference; lastKnownFileType = sourcecode.swift; path = ScrollingMarqueeUITests.swift; sourceTree = "<group>"; };
		5CB4C9161D08DE7500D4D570 /* Info.plist */ = {isa = PBXFileReference; lastKnownFileType = text.plist.xml; path = Info.plist; sourceTree = "<group>"; };
		5CB4C9221D08DE9100D4D570 /* ScrollingMarquee.swift */ = {isa = PBXFileReference; fileEncoding = 4; lastKnownFileType = sourcecode.swift; path = ScrollingMarquee.swift; sourceTree = "<group>"; };
/* End PBXFileReference section */

/* Begin PBXFrameworksBuildPhase section */
		5CB4C8EE1D08DE7500D4D570 /* Frameworks */ = {
			isa = PBXFrameworksBuildPhase;
			buildActionMask = 2147483647;
			files = (
			);
			runOnlyForDeploymentPostprocessing = 0;
		};
		5CB4C9021D08DE7500D4D570 /* Frameworks */ = {
			isa = PBXFrameworksBuildPhase;
			buildActionMask = 2147483647;
			files = (
			);
			runOnlyForDeploymentPostprocessing = 0;
		};
		5CB4C90D1D08DE7500D4D570 /* Frameworks */ = {
			isa = PBXFrameworksBuildPhase;
			buildActionMask = 2147483647;
			files = (
			);
			runOnlyForDeploymentPostprocessing = 0;
		};
/* End PBXFrameworksBuildPhase section */

/* Begin PBXGroup section */
		5CB4C8E81D08DE7500D4D570 = {
			isa = PBXGroup;
			children = (
				5CB4C8F31D08DE7500D4D570 /* ScrollingMarquee */,
				5CB4C9081D08DE7500D4D570 /* ScrollingMarqueeTests */,
				5CB4C9131D08DE7500D4D570 /* ScrollingMarqueeUITests */,
				5CB4C8F21D08DE7500D4D570 /* Products */,
			);
			sourceTree = "<group>";
		};
		5CB4C8F21D08DE7500D4D570 /* Products */ = {
			isa = PBXGroup;
			children = (
				5CB4C8F11D08DE7500D4D570 /* ScrollingMarquee.app */,
				5CB4C9051D08DE7500D4D570 /* ScrollingMarqueeTests.xctest */,
				5CB4C9101D08DE7500D4D570 /* ScrollingMarqueeUITests.xctest */,
			);
			name = Products;
			sourceTree = "<group>";
		};
		5CB4C8F31D08DE7500D4D570 /* ScrollingMarquee */ = {
			isa = PBXGroup;
			children = (
				5CB4C8F41D08DE7500D4D570 /* AppDelegate.swift */,
				5CB4C8FB1D08DE7500D4D570 /* Assets.xcassets */,
				5CB4C9001D08DE7500D4D570 /* Info.plist */,
				5CB4C8FD1D08DE7500D4D570 /* LaunchScreen.storyboard */,
				5CB4C8F81D08DE7500D4D570 /* Main.storyboard */,
				5C48F4EB2A6B3D2800815D23 /* SceneDelegate.swift */,
				5CB4C9221D08DE9100D4D570 /* ScrollingMarquee.swift */,
				5CB4C8F61D08DE7500D4D570 /* ViewController.swift */,
			);
			path = ScrollingMarquee;
			sourceTree = "<group>";
		};
		5CB4C9081D08DE7500D4D570 /* ScrollingMarqueeTests */ = {
			isa = PBXGroup;
			children = (
				5CB4C9091D08DE7500D4D570 /* ScrollingMarqueeTests.swift */,
				5CB4C90B1D08DE7500D4D570 /* Info.plist */,
			);
			path = ScrollingMarqueeTests;
			sourceTree = "<group>";
		};
		5CB4C9131D08DE7500D4D570 /* ScrollingMarqueeUITests */ = {
			isa = PBXGroup;
			children = (
				5CB4C9141D08DE7500D4D570 /* ScrollingMarqueeUITests.swift */,
				5CB4C9161D08DE7500D4D570 /* Info.plist */,
			);
			path = ScrollingMarqueeUITests;
			sourceTree = "<group>";
		};
/* End PBXGroup section */

/* Begin PBXNativeTarget section */
		5CB4C8F01D08DE7500D4D570 /* ScrollingMarquee */ = {
			isa = PBXNativeTarget;
			buildConfigurationList = 5CB4C9191D08DE7500D4D570 /* Build configuration list for PBXNativeTarget "ScrollingMarquee" */;
			buildPhases = (
				5CB4C8ED1D08DE7500D4D570 /* Sources */,
				5CB4C8EE1D08DE7500D4D570 /* Frameworks */,
				5CB4C8EF1D08DE7500D4D570 /* Resources */,
			);
			buildRules = (
			);
			dependencies = (
			);
			name = ScrollingMarquee;
			productName = ScrollingMarquee;
			productReference = 5CB4C8F11D08DE7500D4D570 /* ScrollingMarquee.app */;
			productType = "com.apple.product-type.application";
		};
		5CB4C9041D08DE7500D4D570 /* ScrollingMarqueeTests */ = {
			isa = PBXNativeTarget;
			buildConfigurationList = 5CB4C91C1D08DE7500D4D570 /* Build configuration list for PBXNativeTarget "ScrollingMarqueeTests" */;
			buildPhases = (
				5CB4C9011D08DE7500D4D570 /* Sources */,
				5CB4C9021D08DE7500D4D570 /* Frameworks */,
				5CB4C9031D08DE7500D4D570 /* Resources */,
			);
			buildRules = (
			);
			dependencies = (
				5CB4C9071D08DE7500D4D570 /* PBXTargetDependency */,
			);
			name = ScrollingMarqueeTests;
			productName = ScrollingMarqueeTests;
			productReference = 5CB4C9051D08DE7500D4D570 /* ScrollingMarqueeTests.xctest */;
			productType = "com.apple.product-type.bundle.unit-test";
		};
		5CB4C90F1D08DE7500D4D570 /* ScrollingMarqueeUITests */ = {
			isa = PBXNativeTarget;
			buildConfigurationList = 5CB4C91F1D08DE7500D4D570 /* Build configuration list for PBXNativeTarget "ScrollingMarqueeUITests" */;
			buildPhases = (
				5CB4C90C1D08DE7500D4D570 /* Sources */,
				5CB4C90D1D08DE7500D4D570 /* Frameworks */,
				5CB4C90E1D08DE7500D4D570 /* Resources */,
			);
			buildRules = (
			);
			dependencies = (
				5CB4C9121D08DE7500D4D570 /* PBXTargetDependency */,
			);
			name = ScrollingMarqueeUITests;
			productName = ScrollingMarqueeUITests;
			productReference = 5CB4C9101D08DE7500D4D570 /* ScrollingMarqueeUITests.xctest */;
			productType = "com.apple.product-type.bundle.ui-testing";
		};
/* End PBXNativeTarget section */

/* Begin PBXProject section */
		5CB4C8E91D08DE7500D4D570 /* Project object */ = {
			isa = PBXProject;
			attributes = {
				BuildIndependentTargetsInParallel = YES;
				LastSwiftUpdateCheck = 0730;
				LastUpgradeCheck = 1500;
				ORGANIZATIONNAME = "Crawford Design Engineering, LLC";
				TargetAttributes = {
					5CB4C8F01D08DE7500D4D570 = {
						CreatedOnToolsVersion = 7.3.1;
					};
					5CB4C9041D08DE7500D4D570 = {
						CreatedOnToolsVersion = 7.3.1;
						TestTargetID = 5CB4C8F01D08DE7500D4D570;
					};
					5CB4C90F1D08DE7500D4D570 = {
						CreatedOnToolsVersion = 7.3.1;
						TestTargetID = 5CB4C8F01D08DE7500D4D570;
					};
				};
			};
			buildConfigurationList = 5CB4C8EC1D08DE7500D4D570 /* Build configuration list for PBXProject "ScrollingMarquee" */;
			compatibilityVersion = "Xcode 15.0";
			developmentRegion = en;
			hasScannedForEncodings = 0;
			knownRegions = (
				en,
				Base,
			);
			mainGroup = 5CB4C8E81D08DE7500D4D570;
			productRefGroup = 5CB4C8F21D08DE7500D4D570 /* Products */;
			projectDirPath = "";
			projectRoot = "";
			targets = (
				5CB4C8F01D08DE7500D4D570 /* ScrollingMarquee */,
				5CB4C9041D08DE7500D4D570 /* ScrollingMarqueeTests */,
				5CB4C90F1D08DE7500D4D570 /* ScrollingMarqueeUITests */,
			);
		};
/* End PBXProject section */

/* Begin PBXResourcesBuildPhase section */
		5CB4C8EF1D08DE7500D4D570 /* Resources */ = {
			isa = PBXResourcesBuildPhase;
			buildActionMask = 2147483647;
			files = (
				5CB4C8FF1D08DE7500D4D570 /* LaunchScreen.storyboard in Resources */,
				5CB4C8FC1D08DE7500D4D570 /* Assets.xcassets in Resources */,
				5CB4C8FA1D08DE7500D4D570 /* Main.storyboard in Resources */,
			);
			runOnlyForDeploymentPostprocessing = 0;
		};
		5CB4C9031D08DE7500D4D570 /* Resources */ = {
			isa = PBXResourcesBuildPhase;
			buildActionMask = 2147483647;
			files = (
			);
			runOnlyForDeploymentPostprocessing = 0;
		};
		5CB4C90E1D08DE7500D4D570 /* Resources */ = {
			isa = PBXResourcesBuildPhase;
			buildActionMask = 2147483647;
			files = (
			);
			runOnlyForDeploymentPostprocessing = 0;
		};
/* End PBXResourcesBuildPhase section */

/* Begin PBXSourcesBuildPhase section */
		5CB4C8ED1D08DE7500D4D570 /* Sources */ = {
			isa = PBXSourcesBuildPhase;
			buildActionMask = 2147483647;
			files = (
				5CB4C8F71D08DE7500D4D570 /* ViewController.swift in Sources */,
				5CB4C8F51D08DE7500D4D570 /* AppDelegate.swift in Sources */,
				5CB4C9231D08DE9100D4D570 /* ScrollingMarquee.swift in Sources */,
				5C48F4EC2A6B3D2800815D23 /* SceneDelegate.swift in Sources */,
			);
			runOnlyForDeploymentPostprocessing = 0;
		};
		5CB4C9011D08DE7500D4D570 /* Sources */ = {
			isa = PBXSourcesBuildPhase;
			buildActionMask = 2147483647;
			files = (
				5CB4C90A1D08DE7500D4D570 /* ScrollingMarqueeTests.swift in Sources */,
			);
			runOnlyForDeploymentPostprocessing = 0;
		};
		5CB4C90C1D08DE7500D4D570 /* Sources */ = {
			isa = PBXSourcesBuildPhase;
			buildActionMask = 2147483647;
			files = (
				5CB4C9151D08DE7500D4D570 /* ScrollingMarqueeUITests.swift in Sources */,
			);
			runOnlyForDeploymentPostprocessing = 0;
		};
/* End PBXSourcesBuildPhase section */

/* Begin PBXTargetDependency section */
		5CB4C9071D08DE7500D4D570 /* PBXTargetDependency */ = {
			isa = PBXTargetDependency;
			target = 5CB4C8F01D08DE7500D4D570 /* ScrollingMarquee */;
			targetProxy = 5CB4C9061D08DE7500D4D570 /* PBXContainerItemProxy */;
		};
		5CB4C9121D08DE7500D4D570 /* PBXTargetDependency */ = {
			isa = PBXTargetDependency;
			target = 5CB4C8F01D08DE7500D4D570 /* ScrollingMarquee */;
			targetProxy = 5CB4C9111D08DE7500D4D570 /* PBXContainerItemProxy */;
		};
/* End PBXTargetDependency section */

/* Begin PBXVariantGroup section */
		5CB4C8F81D08DE7500D4D570 /* Main.storyboard */ = {
			isa = PBXVariantGroup;
			children = (
				5CB4C8F91D08DE7500D4D570 /* Base */,
			);
			name = Main.storyboard;
			sourceTree = "<group>";
		};
		5CB4C8FD1D08DE7500D4D570 /* LaunchScreen.storyboard */ = {
			isa = PBXVariantGroup;
			children = (
				5CB4C8FE1D08DE7500D4D570 /* Base */,
			);
			name = LaunchScreen.storyboard;
			sourceTree = "<group>";
		};
/* End PBXVariantGroup section */

/* Begin XCBuildConfiguration section */
		5CB4C9171D08DE7500D4D570 /* Debug */ = {
			isa = XCBuildConfiguration;
			buildSettings = {
				ALWAYS_SEARCH_USER_PATHS = NO;
				CLANG_ANALYZER_LOCALIZABILITY_NONLOCALIZED = YES;
				CLANG_ANALYZER_NONNULL = YES;
				CLANG_CXX_LANGUAGE_STANDARD = "gnu++0x";
				CLANG_CXX_LIBRARY = "libc++";
				CLANG_ENABLE_MODULES = YES;
				CLANG_ENABLE_OBJC_ARC = YES;
				CLANG_WARN_BLOCK_CAPTURE_AUTORELEASING = YES;
				CLANG_WARN_BOOL_CONVERSION = YES;
				CLANG_WARN_COMMA = YES;
				CLANG_WARN_CONSTANT_CONVERSION = YES;
				CLANG_WARN_DEPRECATED_OBJC_IMPLEMENTATIONS = YES;
				CLANG_WARN_DIRECT_OBJC_ISA_USAGE = YES_ERROR;
				CLANG_WARN_EMPTY_BODY = YES;
				CLANG_WARN_ENUM_CONVERSION = YES;
				CLANG_WARN_INFINITE_RECURSION = YES;
				CLANG_WARN_INT_CONVERSION = YES;
				CLANG_WARN_NON_LITERAL_NULL_CONVERSION = YES;
				CLANG_WARN_OBJC_IMPLICIT_RETAIN_SELF = YES;
				CLANG_WARN_OBJC_LITERAL_CONVERSION = YES;
				CLANG_WARN_OBJC_ROOT_CLASS = YES_ERROR;
				CLANG_WARN_QUOTED_INCLUDE_IN_FRAMEWORK_HEADER = YES;
				CLANG_WARN_RANGE_LOOP_ANALYSIS = YES;
				CLANG_WARN_STRICT_PROTOTYPES = YES;
				CLANG_WARN_SUSPICIOUS_MOVE = YES;
				CLANG_WARN_UNREACHABLE_CODE = YES;
				CLANG_WARN__DUPLICATE_METHOD_MATCH = YES;
				"CODE_SIGN_IDENTITY[sdk=iphoneos*]" = "iPhone Developer";
				COPY_PHASE_STRIP = NO;
				DEBUG_INFORMATION_FORMAT = dwarf;
				ENABLE_STRICT_OBJC_MSGSEND = YES;
				ENABLE_TESTABILITY = YES;
				ENABLE_USER_SCRIPT_SANDBOXING = YES;
				GCC_C_LANGUAGE_STANDARD = gnu99;
				GCC_DYNAMIC_NO_PIC = NO;
				GCC_NO_COMMON_BLOCKS = YES;
				GCC_OPTIMIZATION_LEVEL = 0;
				GCC_PREPROCESSOR_DEFINITIONS = (
					"DEBUG=1",
					"$(inherited)",
				);
				GCC_WARN_64_TO_32_BIT_CONVERSION = YES;
				GCC_WARN_ABOUT_RETURN_TYPE = YES_ERROR;
				GCC_WARN_UNDECLARED_SELECTOR = YES;
				GCC_WARN_UNINITIALIZED_AUTOS = YES_AGGRESSIVE;
				GCC_WARN_UNUSED_FUNCTION = YES;
				GCC_WARN_UNUSED_VARIABLE = YES;
				IPHONEOS_DEPLOYMENT_TARGET = 12.0;
				MTL_ENABLE_DEBUG_INFO = YES;
				ONLY_ACTIVE_ARCH = YES;
				SDKROOT = iphoneos;
				SWIFT_OPTIMIZATION_LEVEL = "-Onone";
				SWIFT_VERSION = 5.0;
				TARGETED_DEVICE_FAMILY = "1,2";
			};
			name = Debug;
		};
		5CB4C9181D08DE7500D4D570 /* Release */ = {
			isa = XCBuildConfiguration;
			buildSettings = {
				ALWAYS_SEARCH_USER_PATHS = NO;
				CLANG_ANALYZER_LOCALIZABILITY_NONLOCALIZED = YES;
				CLANG_ANALYZER_NONNULL = YES;
				CLANG_CXX_LANGUAGE_STANDARD = "gnu++0x";
				CLANG_CXX_LIBRARY = "libc++";
				CLANG_ENABLE_MODULES = YES;
				CLANG_ENABLE_OBJC_ARC = YES;
				CLANG_WARN_BLOCK_CAPTURE_AUTORELEASING = YES;
				CLANG_WARN_BOOL_CONVERSION = YES;
				CLANG_WARN_COMMA = YES;
				CLANG_WARN_CONSTANT_CONVERSION = YES;
				CLANG_WARN_DEPRECATED_OBJC_IMPLEMENTATIONS = YES;
				CLANG_WARN_DIRECT_OBJC_ISA_USAGE = YES_ERROR;
				CLANG_WARN_EMPTY_BODY = YES;
				CLANG_WARN_ENUM_CONVERSION = YES;
				CLANG_WARN_INFINITE_RECURSION = YES;
				CLANG_WARN_INT_CONVERSION = YES;
				CLANG_WARN_NON_LITERAL_NULL_CONVERSION = YES;
				CLANG_WARN_OBJC_IMPLICIT_RETAIN_SELF = YES;
				CLANG_WARN_OBJC_LITERAL_CONVERSION = YES;
				CLANG_WARN_OBJC_ROOT_CLASS = YES_ERROR;
				CLANG_WARN_QUOTED_INCLUDE_IN_FRAMEWORK_HEADER = YES;
				CLANG_WARN_RANGE_LOOP_ANALYSIS = YES;
				CLANG_WARN_STRICT_PROTOTYPES = YES;
				CLANG_WARN_SUSPICIOUS_MOVE = YES;
				CLANG_WARN_UNREACHABLE_CODE = YES;
				CLANG_WARN__DUPLICATE_METHOD_MATCH = YES;
				"CODE_SIGN_IDENTITY[sdk=iphoneos*]" = "iPhone Developer";
				COPY_PHASE_STRIP = NO;
				DEBUG_INFORMATION_FORMAT = "dwarf-with-dsym";
				ENABLE_NS_ASSERTIONS = NO;
				ENABLE_STRICT_OBJC_MSGSEND = YES;
				ENABLE_USER_SCRIPT_SANDBOXING = YES;
				GCC_C_LANGUAGE_STANDARD = gnu99;
				GCC_NO_COMMON_BLOCKS = YES;
				GCC_WARN_64_TO_32_BIT_CONVERSION = YES;
				GCC_WARN_ABOUT_RETURN_TYPE = YES_ERROR;
				GCC_WARN_UNDECLARED_SELECTOR = YES;
				GCC_WARN_UNINITIALIZED_AUTOS = YES_AGGRESSIVE;
				GCC_WARN_UNUSED_FUNCTION = YES;
				GCC_WARN_UNUSED_VARIABLE = YES;
				IPHONEOS_DEPLOYMENT_TARGET = 12.0;
				MTL_ENABLE_DEBUG_INFO = NO;
				SDKROOT = iphoneos;
				SWIFT_COMPILATION_MODE = wholemodule;
				SWIFT_VERSION = 5.0;
				TARGETED_DEVICE_FAMILY = "1,2";
				VALIDATE_PRODUCT = YES;
			};
			name = Release;
		};
		5CB4C91A1D08DE7500D4D570 /* Debug */ = {
			isa = XCBuildConfiguration;
			buildSettings = {
				ASSETCATALOG_COMPILER_APPICON_NAME = AppIcon;
				CURRENT_PROJECT_VERSION = 1;
				INFOPLIST_FILE = ScrollingMarquee/Info.plist;
				INFOPLIST_KEY_CFBundleDisplayName = "Scrolling Marquee";
				INFOPLIST_KEY_LSApplicationCategoryType = "public.app-category.developer-tools";
				IPHONEOS_DEPLOYMENT_TARGET = 17.0;
				LD_RUNPATH_SEARCH_PATHS = (
					"$(inherited)",
					"@executable_path/Frameworks",
				);
				MARKETING_VERSION = 1.0;
				PRODUCT_BUNDLE_IDENTIFIER = com.cdellc.ScrollingMarquee;
				PRODUCT_NAME = "$(TARGET_NAME)";
			};
			name = Debug;
		};
		5CB4C91B1D08DE7500D4D570 /* Release */ = {
			isa = XCBuildConfiguration;
			buildSettings = {
				ASSETCATALOG_COMPILER_APPICON_NAME = AppIcon;
				CURRENT_PROJECT_VERSION = 1;
				INFOPLIST_FILE = ScrollingMarquee/Info.plist;
				INFOPLIST_KEY_CFBundleDisplayName = "Scrolling Marquee";
				INFOPLIST_KEY_LSApplicationCategoryType = "public.app-category.developer-tools";
				IPHONEOS_DEPLOYMENT_TARGET = 17.0;
				LD_RUNPATH_SEARCH_PATHS = (
					"$(inherited)",
					"@executable_path/Frameworks",
				);
				MARKETING_VERSION = 1.0;
				PRODUCT_BUNDLE_IDENTIFIER = com.cdellc.ScrollingMarquee;
				PRODUCT_NAME = "$(TARGET_NAME)";
			};
			name = Release;
		};
		5CB4C91D1D08DE7500D4D570 /* Debug */ = {
			isa = XCBuildConfiguration;
			buildSettings = {
				BUNDLE_LOADER = "$(TEST_HOST)";
				INFOPLIST_FILE = ScrollingMarqueeTests/Info.plist;
				IPHONEOS_DEPLOYMENT_TARGET = 17.0;
				LD_RUNPATH_SEARCH_PATHS = (
					"$(inherited)",
					"@executable_path/Frameworks",
					"@loader_path/Frameworks",
				);
				PRODUCT_BUNDLE_IDENTIFIER = com.cdellc.ScrollingMarqueeTests;
				PRODUCT_NAME = "$(TARGET_NAME)";
				TEST_HOST = "$(BUILT_PRODUCTS_DIR)/ScrollingMarquee.app/ScrollingMarquee";
			};
			name = Debug;
		};
		5CB4C91E1D08DE7500D4D570 /* Release */ = {
			isa = XCBuildConfiguration;
			buildSettings = {
				BUNDLE_LOADER = "$(TEST_HOST)";
				INFOPLIST_FILE = ScrollingMarqueeTests/Info.plist;
				IPHONEOS_DEPLOYMENT_TARGET = 17.0;
				LD_RUNPATH_SEARCH_PATHS = (
					"$(inherited)",
					"@executable_path/Frameworks",
					"@loader_path/Frameworks",
				);
				PRODUCT_BUNDLE_IDENTIFIER = com.cdellc.ScrollingMarqueeTests;
				PRODUCT_NAME = "$(TARGET_NAME)";
				TEST_HOST = "$(BUILT_PRODUCTS_DIR)/ScrollingMarquee.app/ScrollingMarquee";
			};
			name = Release;
		};
		5CB4C9201D08DE7500D4D570 /* Debug */ = {
			isa = XCBuildConfiguration;
			buildSettings = {
				INFOPLIST_FILE = ScrollingMarqueeUITests/Info.plist;
				IPHONEOS_DEPLOYMENT_TARGET = 17.0;
				LD_RUNPATH_SEARCH_PATHS = (
					"$(inherited)",
					"@executable_path/Frameworks",
					"@loader_path/Frameworks",
				);
				PRODUCT_BUNDLE_IDENTIFIER = com.cdellc.ScrollingMarqueeUITests;
				PRODUCT_NAME = "$(TARGET_NAME)";
				TEST_TARGET_NAME = ScrollingMarquee;
			};
			name = Debug;
		};
		5CB4C9211D08DE7500D4D570 /* Release */ = {
			isa = XCBuildConfiguration;
			buildSettings = {
				INFOPLIST_FILE = ScrollingMarqueeUITests/Info.plist;
				IPHONEOS_DEPLOYMENT_TARGET = 17.0;
				LD_RUNPATH_SEARCH_PATHS = (
					"$(inherited)",
					"@executable_path/Frameworks",
					"@loader_path/Frameworks",
				);
				PRODUCT_BUNDLE_IDENTIFIER = com.cdellc.ScrollingMarqueeUITests;
				PRODUCT_NAME = "$(TARGET_NAME)";
				TEST_TARGET_NAME = ScrollingMarquee;
			};
			name = Release;
		};
/* End XCBuildConfiguration section */

/* Begin XCConfigurationList section */
		5CB4C8EC1D08DE7500D4D570 /* Build configuration list for PBXProject "ScrollingMarquee" */ = {
			isa = XCConfigurationList;
			buildConfigurations = (
				5CB4C9171D08DE7500D4D570 /* Debug */,
				5CB4C9181D08DE7500D4D570 /* Release */,
			);
			defaultConfigurationIsVisible = 0;
			defaultConfigurationName = Release;
		};
		5CB4C9191D08DE7500D4D570 /* Build configuration list for PBXNativeTarget "ScrollingMarquee" */ = {
			isa = XCConfigurationList;
			buildConfigurations = (
				5CB4C91A1D08DE7500D4D570 /* Debug */,
				5CB4C91B1D08DE7500D4D570 /* Release */,
			);
			defaultConfigurationIsVisible = 0;
			defaultConfigurationName = Release;
		};
		5CB4C91C1D08DE7500D4D570 /* Build configuration list for PBXNativeTarget "ScrollingMarqueeTests" */ = {
			isa = XCConfigurationList;
			buildConfigurations = (
				5CB4C91D1D08DE7500D4D570 /* Debug */,
				5CB4C91E1D08DE7500D4D570 /* Release */,
			);
			defaultConfigurationIsVisible = 0;
			defaultConfigurationName = Release;
		};
		5CB4C91F1D08DE7500D4D570 /* Build configuration list for PBXNativeTarget "ScrollingMarqueeUITests" */ = {
			isa = XCConfigurationList;
			buildConfigurations = (
				5CB4C9201D08DE7500D4D570 /* Debug */,
				5CB4C9211D08DE7500D4D570 /* Release */,
			);
			defaultConfigurationIsVisible = 0;
			defaultConfigurationName = Release;
		};
/* End XCConfigurationList section */
	};
	rootObject = 5CB4C8E91D08DE7500D4D570 /* Project object */;
}
